
Microsoft Visual Studio Solution File, Format Version 12.00
# Visual Studio 2012
Project("{8BC9CEB8-8B4A-11D0-8D11-00A0C91BC942}") = "Proj2", "Proj2\Proj2.vcxproj", "{33D699F6-6B19-42C4-ADEF-7DEB35F6772B}"
EndProject
Global
	GlobalSection(SolutionConfigurationPlatforms) = preSolution
		Debug|Win32 = Debug|Win32
		Release|Win32 = Release|Win32
	EndGlobalSection
	GlobalSection(ProjectConfigurationPlatforms) = postSolution
		{33D699F6-6B19-42C4-ADEF-7DEB35F6772B}.Debug|Win32.ActiveCfg = Debug|Win32
		{33D699F6-6B19-42C4-ADEF-7DEB35F6772B}.Debug|Win32.Build.0 = Debug|Win32
		{33D699F6-6B19-42C4-ADEF-7DEB35F6772B}.Release|Win32.ActiveCfg = Release|Win32
		{33D699F6-6B19-42C4-ADEF-7DEB35F6772B}.Release|Win32.Build.0 = Release|Win32
	EndGlobalSection
	GlobalSection(SolutionProperties) = preSolution
		HideSolutionNode = FALSE
	EndGlobalSection
	GlobalSection(Performance) = preSolution
		HasPerformanceSessions = true
	EndGlobalSection
EndGlobal
